
Microsoft Visual Studio Solution File, Format Version 12.00
# Visual Studio Version 16
VisualStudioVersion = 16.0.30225.117
MinimumVisualStudioVersion = 10.0.40219.1
Project("{FAE04EC0-301F-11D3-BF4B-00C04F79EFBC}") = "Selenium", "Selenium\Selenium.csproj", "{D9A952A5-2517-43F7-804D-09ACFE2C09D8}"
EndProject
Global
	GlobalSection(SolutionConfigurationPlatforms) = preSolution
		Debug|Any CPU = Debug|Any CPU
		Release|Any CPU = Release|Any CPU
	EndGlobalSection
	GlobalSection(ProjectConfigurationPlatforms) = postSolution
		{D9A952A5-2517-43F7-804D-09ACFE2C09D8}.Debug|Any CPU.ActiveCfg = Debug|Any CPU
		{D9A952A5-2517-43F7-804D-09ACFE2C09D8}.Debug|Any CPU.Build.0 = Debug|Any CPU
		{D9A952A5-2517-43F7-804D-09ACFE2C09D8}.Release|Any CPU.ActiveCfg = Release|Any CPU
		{D9A952A5-2517-43F7-804D-09ACFE2C09D8}.Release|Any CPU.Build.0 = Release|Any CPU
	EndGlobalSection
	GlobalSection(SolutionProperties) = preSolution
		HideSolutionNode = FALSE
	EndGlobalSection
	GlobalSection(ExtensibilityGlobals) = postSolution
		SolutionGuid = {EA0425BB-9A9B-41E5-B62C-40DC9BC1D688}
	EndGlobalSection
EndGlobal
